
Microsoft Visual Studio Solution File, Format Version 12.00
# Visual Studio Version 17
VisualStudioVersion = 17.6.33829.357
MinimumVisualStudioVersion = 10.0.40219.1
Project("{FAE04EC0-301F-11D3-BF4B-00C04F79EFBC}") = "Desktop_44905165", "Desktop_44905165.csproj", "{0CD86BC9-CCE2-49F7-96C7-9D3FAFA4AAB2}"
EndProject
Global
	GlobalSection(SolutionConfigurationPlatforms) = preSolution
		Debug|Any CPU = Debug|Any CPU
		Release|Any CPU = Release|Any CPU
	EndGlobalSection
	GlobalSection(ProjectConfigurationPlatforms) = postSolution
		{0CD86BC9-CCE2-49F7-96C7-9D3FAFA4AAB2}.Debug|Any CPU.ActiveCfg = Debug|Any CPU
		{0CD86BC9-CCE2-49F7-96C7-9D3FAFA4AAB2}.Debug|Any CPU.Build.0 = Debug|Any CPU
		{0CD86BC9-CCE2-49F7-96C7-9D3FAFA4AAB2}.Release|Any CPU.ActiveCfg = Release|Any CPU
		{0CD86BC9-CCE2-49F7-96C7-9D3FAFA4AAB2}.Release|Any CPU.Build.0 = Release|Any CPU
	EndGlobalSection
	GlobalSection(SolutionProperties) = preSolution
		HideSolutionNode = FALSE
	EndGlobalSection
	GlobalSection(ExtensibilityGlobals) = postSolution
		SolutionGuid = {4165FDB7-644A-46CB-B65D-1047B89C11A1}
	EndGlobalSection
EndGlobal
